
Microsoft Visual Studio Solution File, Format Version 12.00
# Visual Studio Version 17
VisualStudioVersion = 17.4.33205.214
MinimumVisualStudioVersion = 10.0.40219.1
Project("{9A19103F-16F7-4668-BE54-9A1E7A4F7556}") = "MoveZeroes", "MoveZeroes\MoveZeroes.csproj", "{770CED84-77F9-49FC-B13A-AA50BFFB2177}"
EndProject
Project("{9A19103F-16F7-4668-BE54-9A1E7A4F7556}") = "MergeSortedArrays", "MergeSortedArrays\MergeSortedArrays.csproj", "{87A79A53-4B38-4457-BE2C-BBE23DAB4A96}"
EndProject
Project("{9A19103F-16F7-4668-BE54-9A1E7A4F7556}") = "ReverseString", "ReverseString\ReverseString.csproj", "{2E3AB1E4-DB4A-43C3-A3C0-00E500D2553C}"
EndProject
Project("{FAE04EC0-301F-11D3-BF4B-00C04F79EFBC}") = "RotateArray", "RotateArray\RotateArray.csproj", "{A6C00268-44CE-4915-9E82-1EBE1D7A75F9}"
EndProject
Global
	GlobalSection(SolutionConfigurationPlatforms) = preSolution
		Debug|Any CPU = Debug|Any CPU
		Release|Any CPU = Release|Any CPU
	EndGlobalSection
	GlobalSection(ProjectConfigurationPlatforms) = postSolution
		{770CED84-77F9-49FC-B13A-AA50BFFB2177}.Debug|Any CPU.ActiveCfg = Debug|Any CPU
		{770CED84-77F9-49FC-B13A-AA50BFFB2177}.Debug|Any CPU.Build.0 = Debug|Any CPU
		{770CED84-77F9-49FC-B13A-AA50BFFB2177}.Release|Any CPU.ActiveCfg = Release|Any CPU
		{770CED84-77F9-49FC-B13A-AA50BFFB2177}.Release|Any CPU.Build.0 = Release|Any CPU
		{87A79A53-4B38-4457-BE2C-BBE23DAB4A96}.Debug|Any CPU.ActiveCfg = Debug|Any CPU
		{87A79A53-4B38-4457-BE2C-BBE23DAB4A96}.Debug|Any CPU.Build.0 = Debug|Any CPU
		{87A79A53-4B38-4457-BE2C-BBE23DAB4A96}.Release|Any CPU.ActiveCfg = Release|Any CPU
		{87A79A53-4B38-4457-BE2C-BBE23DAB4A96}.Release|Any CPU.Build.0 = Release|Any CPU
		{2E3AB1E4-DB4A-43C3-A3C0-00E500D2553C}.Debug|Any CPU.ActiveCfg = Debug|Any CPU
		{2E3AB1E4-DB4A-43C3-A3C0-00E500D2553C}.Debug|Any CPU.Build.0 = Debug|Any CPU
		{2E3AB1E4-DB4A-43C3-A3C0-00E500D2553C}.Release|Any CPU.ActiveCfg = Release|Any CPU
		{2E3AB1E4-DB4A-43C3-A3C0-00E500D2553C}.Release|Any CPU.Build.0 = Release|Any CPU
		{A6C00268-44CE-4915-9E82-1EBE1D7A75F9}.Debug|Any CPU.ActiveCfg = Debug|Any CPU
		{A6C00268-44CE-4915-9E82-1EBE1D7A75F9}.Debug|Any CPU.Build.0 = Debug|Any CPU
		{A6C00268-44CE-4915-9E82-1EBE1D7A75F9}.Release|Any CPU.ActiveCfg = Release|Any CPU
		{A6C00268-44CE-4915-9E82-1EBE1D7A75F9}.Release|Any CPU.Build.0 = Release|Any CPU
	EndGlobalSection
	GlobalSection(SolutionProperties) = preSolution
		HideSolutionNode = FALSE
	EndGlobalSection
	GlobalSection(ExtensibilityGlobals) = postSolution
		SolutionGuid = {C0CAD788-D411-48DB-A0BE-6F5BC0BE8EA9}
	EndGlobalSection
EndGlobal
