
Microsoft Visual Studio Solution File, Format Version 12.00
# Visual Studio Version 17
VisualStudioVersion = 17.4.33205.214
MinimumVisualStudioVersion = 10.0.40219.1
Project("{9A19103F-16F7-4668-BE54-9A1E7A4F7556}") = "MoveZeroes", "MoveZeroes\MoveZeroes.csproj", "{770CED84-77F9-49FC-B13A-AA50BFFB2177}"
EndProject
Project("{9A19103F-16F7-4668-BE54-9A1E7A4F7556}") = "MergeSortedArrays", "MergeSortedArrays\MergeSortedArrays.csproj", "{87A79A53-4B38-4457-BE2C-BBE23DAB4A96}"
EndProject
Project("{9A19103F-16F7-4668-BE54-9A1E7A4F7556}") = "ReverseString", "ReverseString\ReverseString.csproj", "{2E3AB1E4-DB4A-43C3-A3C0-00E500D2553C}"
EndProject
Project("{9A19103F-16F7-4668-BE54-9A1E7A4F7556}") = "RotateArray", "RotateArray\RotateArray.csproj", "{A6C00268-44CE-4915-9E82-1EBE1D7A75F9}"
EndProject
Project("{9A19103F-16F7-4668-BE54-9A1E7A4F7556}") = "FirstRecurringCharacter", "FirstRecurringCharacter\FirstRecurringCharacter.csproj", "{91CFA0B0-CDF5-4774-9E17-DA5253D73E03}"
EndProject
Project("{9A19103F-16F7-4668-BE54-9A1E7A4F7556}") = "FirstUniqueCharacterString", "FirstUniqueCharacterString\FirstUniqueCharacterString.csproj", "{BE37F500-E212-4A10-8360-9780AA6AF389}"
EndProject
Project("{9A19103F-16F7-4668-BE54-9A1E7A4F7556}") = "Pascal's Triangle", "Pascal's Triangle\Pascal's Triangle.csproj", "{BB00415E-1B39-4E5C-97F4-7062FEB2C6D0}"
EndProject
Project("{9A19103F-16F7-4668-BE54-9A1E7A4F7556}") = "Reverse Linked List", "Reverse Linked List\Reverse Linked List.csproj", "{F74753DC-0D6D-47C1-B1FD-24BDCF40E839}"
EndProject
Project("{9A19103F-16F7-4668-BE54-9A1E7A4F7556}") = "Merge Two Sorted Lists", "Merge Two Sorted Lists\Merge Two Sorted Lists.csproj", "{E9313F5D-8BBA-4F5E-BAE4-4CB0974FDE14}"
EndProject
Project("{9A19103F-16F7-4668-BE54-9A1E7A4F7556}") = "Reorder List", "Reorder List\Reorder List.csproj", "{C9EB1B06-8041-413B-A0FF-648087AA2580}"
EndProject
Project("{9A19103F-16F7-4668-BE54-9A1E7A4F7556}") = "CountingSort", "CountingSort\CountingSort.csproj", "{A3A3D163-8D82-4C73-A6CF-DE3ECD28731E}"
EndProject
Project("{9A19103F-16F7-4668-BE54-9A1E7A4F7556}") = "Lonely Integer", "Lonely Integer\Lonely Integer.csproj", "{DE6FFF54-1042-4F31-A287-8112481C381B}"
EndProject
Project("{9A19103F-16F7-4668-BE54-9A1E7A4F7556}") = "Diagonal Difference", "Diagonal Difference\Diagonal Difference.csproj", "{A930124B-AC7E-43B7-9BA7-AFE988657414}"
EndProject
Project("{FAE04EC0-301F-11D3-BF4B-00C04F79EFBC}") = "BaseballGame", "BaseballGame\BaseballGame.csproj", "{053D50F2-2060-4B2F-B487-B85D8865E308}"
EndProject
Global
	GlobalSection(SolutionConfigurationPlatforms) = preSolution
		Debug|Any CPU = Debug|Any CPU
		Release|Any CPU = Release|Any CPU
	EndGlobalSection
	GlobalSection(ProjectConfigurationPlatforms) = postSolution
		{770CED84-77F9-49FC-B13A-AA50BFFB2177}.Debug|Any CPU.ActiveCfg = Debug|Any CPU
		{770CED84-77F9-49FC-B13A-AA50BFFB2177}.Debug|Any CPU.Build.0 = Debug|Any CPU
		{770CED84-77F9-49FC-B13A-AA50BFFB2177}.Release|Any CPU.ActiveCfg = Release|Any CPU
		{770CED84-77F9-49FC-B13A-AA50BFFB2177}.Release|Any CPU.Build.0 = Release|Any CPU
		{87A79A53-4B38-4457-BE2C-BBE23DAB4A96}.Debug|Any CPU.ActiveCfg = Debug|Any CPU
		{87A79A53-4B38-4457-BE2C-BBE23DAB4A96}.Debug|Any CPU.Build.0 = Debug|Any CPU
		{87A79A53-4B38-4457-BE2C-BBE23DAB4A96}.Release|Any CPU.ActiveCfg = Release|Any CPU
		{87A79A53-4B38-4457-BE2C-BBE23DAB4A96}.Release|Any CPU.Build.0 = Release|Any CPU
		{2E3AB1E4-DB4A-43C3-A3C0-00E500D2553C}.Debug|Any CPU.ActiveCfg = Debug|Any CPU
		{2E3AB1E4-DB4A-43C3-A3C0-00E500D2553C}.Debug|Any CPU.Build.0 = Debug|Any CPU
		{2E3AB1E4-DB4A-43C3-A3C0-00E500D2553C}.Release|Any CPU.ActiveCfg = Release|Any CPU
		{2E3AB1E4-DB4A-43C3-A3C0-00E500D2553C}.Release|Any CPU.Build.0 = Release|Any CPU
		{A6C00268-44CE-4915-9E82-1EBE1D7A75F9}.Debug|Any CPU.ActiveCfg = Debug|Any CPU
		{A6C00268-44CE-4915-9E82-1EBE1D7A75F9}.Debug|Any CPU.Build.0 = Debug|Any CPU
		{A6C00268-44CE-4915-9E82-1EBE1D7A75F9}.Release|Any CPU.ActiveCfg = Release|Any CPU
		{A6C00268-44CE-4915-9E82-1EBE1D7A75F9}.Release|Any CPU.Build.0 = Release|Any CPU
		{91CFA0B0-CDF5-4774-9E17-DA5253D73E03}.Debug|Any CPU.ActiveCfg = Debug|Any CPU
		{91CFA0B0-CDF5-4774-9E17-DA5253D73E03}.Debug|Any CPU.Build.0 = Debug|Any CPU
		{91CFA0B0-CDF5-4774-9E17-DA5253D73E03}.Release|Any CPU.ActiveCfg = Release|Any CPU
		{91CFA0B0-CDF5-4774-9E17-DA5253D73E03}.Release|Any CPU.Build.0 = Release|Any CPU
		{BE37F500-E212-4A10-8360-9780AA6AF389}.Debug|Any CPU.ActiveCfg = Debug|Any CPU
		{BE37F500-E212-4A10-8360-9780AA6AF389}.Debug|Any CPU.Build.0 = Debug|Any CPU
		{BE37F500-E212-4A10-8360-9780AA6AF389}.Release|Any CPU.ActiveCfg = Release|Any CPU
		{BE37F500-E212-4A10-8360-9780AA6AF389}.Release|Any CPU.Build.0 = Release|Any CPU
		{BB00415E-1B39-4E5C-97F4-7062FEB2C6D0}.Debug|Any CPU.ActiveCfg = Debug|Any CPU
		{BB00415E-1B39-4E5C-97F4-7062FEB2C6D0}.Debug|Any CPU.Build.0 = Debug|Any CPU
		{BB00415E-1B39-4E5C-97F4-7062FEB2C6D0}.Release|Any CPU.ActiveCfg = Release|Any CPU
		{BB00415E-1B39-4E5C-97F4-7062FEB2C6D0}.Release|Any CPU.Build.0 = Release|Any CPU
		{F74753DC-0D6D-47C1-B1FD-24BDCF40E839}.Debug|Any CPU.ActiveCfg = Debug|Any CPU
		{F74753DC-0D6D-47C1-B1FD-24BDCF40E839}.Debug|Any CPU.Build.0 = Debug|Any CPU
		{F74753DC-0D6D-47C1-B1FD-24BDCF40E839}.Release|Any CPU.ActiveCfg = Release|Any CPU
		{F74753DC-0D6D-47C1-B1FD-24BDCF40E839}.Release|Any CPU.Build.0 = Release|Any CPU
		{E9313F5D-8BBA-4F5E-BAE4-4CB0974FDE14}.Debug|Any CPU.ActiveCfg = Debug|Any CPU
		{E9313F5D-8BBA-4F5E-BAE4-4CB0974FDE14}.Debug|Any CPU.Build.0 = Debug|Any CPU
		{E9313F5D-8BBA-4F5E-BAE4-4CB0974FDE14}.Release|Any CPU.ActiveCfg = Release|Any CPU
		{E9313F5D-8BBA-4F5E-BAE4-4CB0974FDE14}.Release|Any CPU.Build.0 = Release|Any CPU
		{C9EB1B06-8041-413B-A0FF-648087AA2580}.Debug|Any CPU.ActiveCfg = Debug|Any CPU
		{C9EB1B06-8041-413B-A0FF-648087AA2580}.Debug|Any CPU.Build.0 = Debug|Any CPU
		{C9EB1B06-8041-413B-A0FF-648087AA2580}.Release|Any CPU.ActiveCfg = Release|Any CPU
		{C9EB1B06-8041-413B-A0FF-648087AA2580}.Release|Any CPU.Build.0 = Release|Any CPU
		{A3A3D163-8D82-4C73-A6CF-DE3ECD28731E}.Debug|Any CPU.ActiveCfg = Debug|Any CPU
		{A3A3D163-8D82-4C73-A6CF-DE3ECD28731E}.Debug|Any CPU.Build.0 = Debug|Any CPU
		{A3A3D163-8D82-4C73-A6CF-DE3ECD28731E}.Release|Any CPU.ActiveCfg = Release|Any CPU
		{A3A3D163-8D82-4C73-A6CF-DE3ECD28731E}.Release|Any CPU.Build.0 = Release|Any CPU
		{DE6FFF54-1042-4F31-A287-8112481C381B}.Debug|Any CPU.ActiveCfg = Debug|Any CPU
		{DE6FFF54-1042-4F31-A287-8112481C381B}.Debug|Any CPU.Build.0 = Debug|Any CPU
		{DE6FFF54-1042-4F31-A287-8112481C381B}.Release|Any CPU.ActiveCfg = Release|Any CPU
		{DE6FFF54-1042-4F31-A287-8112481C381B}.Release|Any CPU.Build.0 = Release|Any CPU
		{A930124B-AC7E-43B7-9BA7-AFE988657414}.Debug|Any CPU.ActiveCfg = Debug|Any CPU
		{A930124B-AC7E-43B7-9BA7-AFE988657414}.Debug|Any CPU.Build.0 = Debug|Any CPU
		{A930124B-AC7E-43B7-9BA7-AFE988657414}.Release|Any CPU.ActiveCfg = Release|Any CPU
		{A930124B-AC7E-43B7-9BA7-AFE988657414}.Release|Any CPU.Build.0 = Release|Any CPU
		{053D50F2-2060-4B2F-B487-B85D8865E308}.Debug|Any CPU.ActiveCfg = Debug|Any CPU
		{053D50F2-2060-4B2F-B487-B85D8865E308}.Debug|Any CPU.Build.0 = Debug|Any CPU
		{053D50F2-2060-4B2F-B487-B85D8865E308}.Release|Any CPU.ActiveCfg = Release|Any CPU
		{053D50F2-2060-4B2F-B487-B85D8865E308}.Release|Any CPU.Build.0 = Release|Any CPU
	EndGlobalSection
	GlobalSection(SolutionProperties) = preSolution
		HideSolutionNode = FALSE
	EndGlobalSection
	GlobalSection(ExtensibilityGlobals) = postSolution
		SolutionGuid = {C0CAD788-D411-48DB-A0BE-6F5BC0BE8EA9}
	EndGlobalSection
EndGlobal
