
Microsoft Visual Studio Solution File, Format Version 12.00
# Visual Studio Version 17
VisualStudioVersion = 17.4.33205.214
MinimumVisualStudioVersion = 10.0.40219.1
Project("{9A19103F-16F7-4668-BE54-9A1E7A4F7556}") = "MoveZeroes", "MoveZeroes\MoveZeroes.csproj", "{770CED84-77F9-49FC-B13A-AA50BFFB2177}"
EndProject
Project("{9A19103F-16F7-4668-BE54-9A1E7A4F7556}") = "MergeSortedArrays", "MergeSortedArrays\MergeSortedArrays.csproj", "{87A79A53-4B38-4457-BE2C-BBE23DAB4A96}"
EndProject
Project("{9A19103F-16F7-4668-BE54-9A1E7A4F7556}") = "ReverseString", "ReverseString\ReverseString.csproj", "{2E3AB1E4-DB4A-43C3-A3C0-00E500D2553C}"
EndProject
Project("{9A19103F-16F7-4668-BE54-9A1E7A4F7556}") = "RotateArray", "RotateArray\RotateArray.csproj", "{A6C00268-44CE-4915-9E82-1EBE1D7A75F9}"
EndProject
Project("{9A19103F-16F7-4668-BE54-9A1E7A4F7556}") = "FirstRecurringCharacter", "FirstRecurringCharacter\FirstRecurringCharacter.csproj", "{91CFA0B0-CDF5-4774-9E17-DA5253D73E03}"
EndProject
Project("{9A19103F-16F7-4668-BE54-9A1E7A4F7556}") = "FirstUniqueCharacterString", "FirstUniqueCharacterString\FirstUniqueCharacterString.csproj", "{BE37F500-E212-4A10-8360-9780AA6AF389}"
EndProject
Project("{9A19103F-16F7-4668-BE54-9A1E7A4F7556}") = "Pascal's Triangle", "Pascal's Triangle\Pascal's Triangle.csproj", "{BB00415E-1B39-4E5C-97F4-7062FEB2C6D0}"
EndProject
Project("{9A19103F-16F7-4668-BE54-9A1E7A4F7556}") = "Reverse Linked List", "Reverse Linked List\Reverse Linked List.csproj", "{F74753DC-0D6D-47C1-B1FD-24BDCF40E839}"
EndProject
Project("{9A19103F-16F7-4668-BE54-9A1E7A4F7556}") = "Merge Two Sorted Lists", "Merge Two Sorted Lists\Merge Two Sorted Lists.csproj", "{E9313F5D-8BBA-4F5E-BAE4-4CB0974FDE14}"
EndProject
Project("{9A19103F-16F7-4668-BE54-9A1E7A4F7556}") = "ValidParentheses", "ValidParentheses\ValidParentheses.csproj", "{6B0796EB-34FB-4189-8F3C-388BF15992D1}"
EndProject
Project("{9A19103F-16F7-4668-BE54-9A1E7A4F7556}") = "CountingSort", "CountingSort\CountingSort.csproj", "{D670BAE8-9310-4170-B379-E1997352241F}"
EndProject
Project("{9A19103F-16F7-4668-BE54-9A1E7A4F7556}") = "Diagonal Difference", "Diagonal Difference\Diagonal Difference.csproj", "{DA419BC7-ED1E-450B-9F13-4AC93EDF96FE}"
EndProject
Project("{9A19103F-16F7-4668-BE54-9A1E7A4F7556}") = "FlippingBits", "FlippingBits\FlippingBits.csproj", "{DF7ACFB6-1ADA-4BFF-B22B-79755D3EE50F}"
EndProject
Project("{9A19103F-16F7-4668-BE54-9A1E7A4F7556}") = "Lonely Integer", "Lonely Integer\Lonely Integer.csproj", "{C95FDCFB-63FF-4EB1-A5F9-E2363F60EE2F}"
EndProject
Project("{9A19103F-16F7-4668-BE54-9A1E7A4F7556}") = "Reorder List", "Reorder List\Reorder List.csproj", "{169C26B5-EA50-46A9-B8A4-77182E4C9C74}"
EndProject
Global
	GlobalSection(SolutionConfigurationPlatforms) = preSolution
		Debug|Any CPU = Debug|Any CPU
		Release|Any CPU = Release|Any CPU
	EndGlobalSection
	GlobalSection(ProjectConfigurationPlatforms) = postSolution
		{770CED84-77F9-49FC-B13A-AA50BFFB2177}.Debug|Any CPU.ActiveCfg = Debug|Any CPU
		{770CED84-77F9-49FC-B13A-AA50BFFB2177}.Debug|Any CPU.Build.0 = Debug|Any CPU
		{770CED84-77F9-49FC-B13A-AA50BFFB2177}.Release|Any CPU.ActiveCfg = Release|Any CPU
		{770CED84-77F9-49FC-B13A-AA50BFFB2177}.Release|Any CPU.Build.0 = Release|Any CPU
		{87A79A53-4B38-4457-BE2C-BBE23DAB4A96}.Debug|Any CPU.ActiveCfg = Debug|Any CPU
		{87A79A53-4B38-4457-BE2C-BBE23DAB4A96}.Debug|Any CPU.Build.0 = Debug|Any CPU
		{87A79A53-4B38-4457-BE2C-BBE23DAB4A96}.Release|Any CPU.ActiveCfg = Release|Any CPU
		{87A79A53-4B38-4457-BE2C-BBE23DAB4A96}.Release|Any CPU.Build.0 = Release|Any CPU
		{2E3AB1E4-DB4A-43C3-A3C0-00E500D2553C}.Debug|Any CPU.ActiveCfg = Debug|Any CPU
		{2E3AB1E4-DB4A-43C3-A3C0-00E500D2553C}.Debug|Any CPU.Build.0 = Debug|Any CPU
		{2E3AB1E4-DB4A-43C3-A3C0-00E500D2553C}.Release|Any CPU.ActiveCfg = Release|Any CPU
		{2E3AB1E4-DB4A-43C3-A3C0-00E500D2553C}.Release|Any CPU.Build.0 = Release|Any CPU
		{A6C00268-44CE-4915-9E82-1EBE1D7A75F9}.Debug|Any CPU.ActiveCfg = Debug|Any CPU
		{A6C00268-44CE-4915-9E82-1EBE1D7A75F9}.Debug|Any CPU.Build.0 = Debug|Any CPU
		{A6C00268-44CE-4915-9E82-1EBE1D7A75F9}.Release|Any CPU.ActiveCfg = Release|Any CPU
		{A6C00268-44CE-4915-9E82-1EBE1D7A75F9}.Release|Any CPU.Build.0 = Release|Any CPU
		{91CFA0B0-CDF5-4774-9E17-DA5253D73E03}.Debug|Any CPU.ActiveCfg = Debug|Any CPU
		{91CFA0B0-CDF5-4774-9E17-DA5253D73E03}.Debug|Any CPU.Build.0 = Debug|Any CPU
		{91CFA0B0-CDF5-4774-9E17-DA5253D73E03}.Release|Any CPU.ActiveCfg = Release|Any CPU
		{91CFA0B0-CDF5-4774-9E17-DA5253D73E03}.Release|Any CPU.Build.0 = Release|Any CPU
		{BE37F500-E212-4A10-8360-9780AA6AF389}.Debug|Any CPU.ActiveCfg = Debug|Any CPU
		{BE37F500-E212-4A10-8360-9780AA6AF389}.Debug|Any CPU.Build.0 = Debug|Any CPU
		{BE37F500-E212-4A10-8360-9780AA6AF389}.Release|Any CPU.ActiveCfg = Release|Any CPU
		{BE37F500-E212-4A10-8360-9780AA6AF389}.Release|Any CPU.Build.0 = Release|Any CPU
		{BB00415E-1B39-4E5C-97F4-7062FEB2C6D0}.Debug|Any CPU.ActiveCfg = Debug|Any CPU
		{BB00415E-1B39-4E5C-97F4-7062FEB2C6D0}.Debug|Any CPU.Build.0 = Debug|Any CPU
		{BB00415E-1B39-4E5C-97F4-7062FEB2C6D0}.Release|Any CPU.ActiveCfg = Release|Any CPU
		{BB00415E-1B39-4E5C-97F4-7062FEB2C6D0}.Release|Any CPU.Build.0 = Release|Any CPU
		{F74753DC-0D6D-47C1-B1FD-24BDCF40E839}.Debug|Any CPU.ActiveCfg = Debug|Any CPU
		{F74753DC-0D6D-47C1-B1FD-24BDCF40E839}.Debug|Any CPU.Build.0 = Debug|Any CPU
		{F74753DC-0D6D-47C1-B1FD-24BDCF40E839}.Release|Any CPU.ActiveCfg = Release|Any CPU
		{F74753DC-0D6D-47C1-B1FD-24BDCF40E839}.Release|Any CPU.Build.0 = Release|Any CPU
		{E9313F5D-8BBA-4F5E-BAE4-4CB0974FDE14}.Debug|Any CPU.ActiveCfg = Debug|Any CPU
		{E9313F5D-8BBA-4F5E-BAE4-4CB0974FDE14}.Debug|Any CPU.Build.0 = Debug|Any CPU
		{E9313F5D-8BBA-4F5E-BAE4-4CB0974FDE14}.Release|Any CPU.ActiveCfg = Release|Any CPU
		{E9313F5D-8BBA-4F5E-BAE4-4CB0974FDE14}.Release|Any CPU.Build.0 = Release|Any CPU
		{6B0796EB-34FB-4189-8F3C-388BF15992D1}.Debug|Any CPU.ActiveCfg = Debug|Any CPU
		{6B0796EB-34FB-4189-8F3C-388BF15992D1}.Debug|Any CPU.Build.0 = Debug|Any CPU
		{6B0796EB-34FB-4189-8F3C-388BF15992D1}.Release|Any CPU.ActiveCfg = Release|Any CPU
		{6B0796EB-34FB-4189-8F3C-388BF15992D1}.Release|Any CPU.Build.0 = Release|Any CPU
		{D670BAE8-9310-4170-B379-E1997352241F}.Debug|Any CPU.ActiveCfg = Debug|Any CPU
		{D670BAE8-9310-4170-B379-E1997352241F}.Debug|Any CPU.Build.0 = Debug|Any CPU
		{D670BAE8-9310-4170-B379-E1997352241F}.Release|Any CPU.ActiveCfg = Release|Any CPU
		{D670BAE8-9310-4170-B379-E1997352241F}.Release|Any CPU.Build.0 = Release|Any CPU
		{DA419BC7-ED1E-450B-9F13-4AC93EDF96FE}.Debug|Any CPU.ActiveCfg = Debug|Any CPU
		{DA419BC7-ED1E-450B-9F13-4AC93EDF96FE}.Debug|Any CPU.Build.0 = Debug|Any CPU
		{DA419BC7-ED1E-450B-9F13-4AC93EDF96FE}.Release|Any CPU.ActiveCfg = Release|Any CPU
		{DA419BC7-ED1E-450B-9F13-4AC93EDF96FE}.Release|Any CPU.Build.0 = Release|Any CPU
		{DF7ACFB6-1ADA-4BFF-B22B-79755D3EE50F}.Debug|Any CPU.ActiveCfg = Debug|Any CPU
		{DF7ACFB6-1ADA-4BFF-B22B-79755D3EE50F}.Debug|Any CPU.Build.0 = Debug|Any CPU
		{DF7ACFB6-1ADA-4BFF-B22B-79755D3EE50F}.Release|Any CPU.ActiveCfg = Release|Any CPU
		{DF7ACFB6-1ADA-4BFF-B22B-79755D3EE50F}.Release|Any CPU.Build.0 = Release|Any CPU
		{C95FDCFB-63FF-4EB1-A5F9-E2363F60EE2F}.Debug|Any CPU.ActiveCfg = Debug|Any CPU
		{C95FDCFB-63FF-4EB1-A5F9-E2363F60EE2F}.Debug|Any CPU.Build.0 = Debug|Any CPU
		{C95FDCFB-63FF-4EB1-A5F9-E2363F60EE2F}.Release|Any CPU.ActiveCfg = Release|Any CPU
		{C95FDCFB-63FF-4EB1-A5F9-E2363F60EE2F}.Release|Any CPU.Build.0 = Release|Any CPU
		{169C26B5-EA50-46A9-B8A4-77182E4C9C74}.Debug|Any CPU.ActiveCfg = Debug|Any CPU
		{169C26B5-EA50-46A9-B8A4-77182E4C9C74}.Debug|Any CPU.Build.0 = Debug|Any CPU
		{169C26B5-EA50-46A9-B8A4-77182E4C9C74}.Release|Any CPU.ActiveCfg = Release|Any CPU
		{169C26B5-EA50-46A9-B8A4-77182E4C9C74}.Release|Any CPU.Build.0 = Release|Any CPU
	EndGlobalSection
	GlobalSection(SolutionProperties) = preSolution
		HideSolutionNode = FALSE
	EndGlobalSection
	GlobalSection(ExtensibilityGlobals) = postSolution
		SolutionGuid = {C0CAD788-D411-48DB-A0BE-6F5BC0BE8EA9}
	EndGlobalSection
EndGlobal
